{
  "name": "deep-chat-react",
  "version": "2.0.1",
  "lockfileVersion": 3,
  "requires": true,
  "packages": {
    "": {
      "name": "deep-chat-react",
      "version": "2.0.1",
      "license": "MIT",
      "dependencies": {
        "@lit-labs/react": "^2.1.3",
        "deep-chat": "2.0.1"
      },
      "devDependencies": {
        "@types/react": "^18.2.64",
        "typescript": "~5.3.3"
      },
      "peerDependencies": {
        "react": ">=16.8.0 || >=17.0.0 || >=18.0.0"
      }
    },
    "node_modules/@lit-labs/react": {
      "version": "2.1.3",
      "resolved": "https://registry.npmjs.org/@lit-labs/react/-/react-2.1.3.tgz",
      "integrity": "sha512-OD9h2JynerBQUMNzb563jiVpxfvPF0HjQkKY2mx0lpVYvD7F+rtJpOGz6ek+6ufMidV3i+MPT9SX62OKWHFrQg==",
      "dependencies": {
        "@lit/react": "^1.0.3"
      }
    },
    "node_modules/@lit/react": {
      "version": "1.0.5",
      "resolved": "https://registry.npmjs.org/@lit/react/-/react-1.0.5.tgz",
      "integrity": "sha512-RSHhrcuSMa4vzhqiTenzXvtQ6QDq3hSPsnHHO3jaPmmvVFeoNNm4DHoQ0zLdKAUvY3wP3tTENSUf7xpyVfrDEA==",
      "peerDependencies": {
        "@types/react": "17 || 18"
      }
    },
    "node_modules/@microsoft/fetch-event-source": {
      "version": "2.0.1",
      "resolved": "https://registry.npmjs.org/@microsoft/fetch-event-source/-/fetch-event-source-2.0.1.tgz",
      "integrity": "sha512-W6CLUJ2eBMw3Rec70qrsEW0jOm/3twwJv21mrmj2yORiaVmVYGS4sSS5yUwvQc1ZlDLYGPnClVWmUUMagKNsfA=="
    },
    "node_modules/@types/prop-types": {
      "version": "15.7.13",
      "resolved": "https://registry.npmjs.org/@types/prop-types/-/prop-types-15.7.13.tgz",
      "integrity": "sha512-hCZTSvwbzWGvhqxp/RqVqwU999pBf2vp7hzIjiYOsl8wqOmUxkQ6ddw1cV3l8811+kdUFus/q4d1Y3E3SyEifA=="
    },
    "node_modules/@types/react": {
      "version": "18.3.9",
      "resolved": "https://registry.npmjs.org/@types/react/-/react-18.3.9.tgz",
      "integrity": "sha512-+BpAVyTpJkNWWSSnaLBk6ePpHLOGJKnEQNbINNovPWzvEUyAe3e+/d494QdEh71RekM/qV7lw6jzf1HGrJyAtQ==",
      "dependencies": {
        "@types/prop-types": "*",
        "csstype": "^3.0.2"
      }
    },
    "node_modules/argparse": {
      "version": "1.0.10",
      "resolved": "https://registry.npmjs.org/argparse/-/argparse-1.0.10.tgz",
      "integrity": "sha512-o5Roy6tNG4SL/FOkCAN6RzjiakZS25RLYFrcMttJqbdd8BWrnA+fGz57iN5Pb06pvBGvl5gQ0B48dJlslXvoTg==",
      "dependencies": {
        "sprintf-js": "~1.0.2"
      }
    },
    "node_modules/autolinker": {
      "version": "3.16.2",
      "resolved": "https://registry.npmjs.org/autolinker/-/autolinker-3.16.2.tgz",
      "integrity": "sha512-JiYl7j2Z19F9NdTmirENSUUIIL/9MytEWtmzhfmsKPCp9E+G35Y0UNCMoM9tFigxT59qSc8Ml2dlZXOCVTYwuA==",
      "dependencies": {
        "tslib": "^2.3.0"
      }
    },
    "node_modules/csstype": {
      "version": "3.1.3",
      "resolved": "https://registry.npmjs.org/csstype/-/csstype-3.1.3.tgz",
      "integrity": "sha512-M1uQkMl8rQK/szD0LNhtqxIPLpimGm8sOBwU7lLnCpSbTyY3yeU1Vc7l4KT5zT4s/yOxHH5O7tIuuLOCnLADRw=="
    },
    "node_modules/deep-chat": {
      "version": "2.0.1",
      "resolved": "https://registry.npmjs.org/deep-chat/-/deep-chat-2.0.1.tgz",
      "integrity": "sha512-dLzEvRah+lr+Z6MZq/XSkuIJu2jyd38QVdqMeXGy2WKJQGmBnFZOK/m+F+hsLm9nz2MSfnMYXxGitQI4SNzBcQ==",
      "dependencies": {
        "@microsoft/fetch-event-source": "^2.0.1",
        "remarkable": "^2.0.1",
        "speech-to-element": "^0.1.66"
      }
    },
    "node_modules/js-tokens": {
      "version": "4.0.0",
      "resolved": "https://registry.npmjs.org/js-tokens/-/js-tokens-4.0.0.tgz",
      "integrity": "sha512-RdJUflcE3cUzKiMqQgsCu06FPu9UdIJO0beYbPhHN4k6apgJtifcoCtT9bcxOpYBtpD2kCM6Sbzg4CausW/PKQ==",
      "peer": true
    },
    "node_modules/loose-envify": {
      "version": "1.4.0",
      "resolved": "https://registry.npmjs.org/loose-envify/-/loose-envify-1.4.0.tgz",
      "integrity": "sha512-lyuxPGr/Wfhrlem2CL/UcnUc1zcqKAImBDzukY7Y5F/yQiNdko6+fRLevlw1HgMySw7f611UIY408EtxRSoK3Q==",
      "peer": true,
      "dependencies": {
        "js-tokens": "^3.0.0 || ^4.0.0"
      },
      "bin": {
        "loose-envify": "cli.js"
      }
    },
    "node_modules/react": {
      "version": "18.3.1",
      "resolved": "https://registry.npmjs.org/react/-/react-18.3.1.tgz",
      "integrity": "sha512-wS+hAgJShR0KhEvPJArfuPVN1+Hz1t0Y6n5jLrGQbkb4urgPE/0Rve+1kMB1v/oWgHgm4WIcV+i7F2pTVj+2iQ==",
      "peer": true,
      "dependencies": {
        "loose-envify": "^1.1.0"
      },
      "engines": {
        "node": ">=0.10.0"
      }
    },
    "node_modules/remarkable": {
      "version": "2.0.1",
      "resolved": "https://registry.npmjs.org/remarkable/-/remarkable-2.0.1.tgz",
      "integrity": "sha512-YJyMcOH5lrR+kZdmB0aJJ4+93bEojRZ1HGDn9Eagu6ibg7aVZhc3OWbbShRid+Q5eAfsEqWxpe+g5W5nYNfNiA==",
      "dependencies": {
        "argparse": "^1.0.10",
        "autolinker": "^3.11.0"
      },
      "bin": {
        "remarkable": "bin/remarkable.js"
      },
      "engines": {
        "node": ">= 6.0.0"
      }
    },
    "node_modules/speech-to-element": {
      "version": "0.1.66",
      "resolved": "https://registry.npmjs.org/speech-to-element/-/speech-to-element-0.1.66.tgz",
      "integrity": "sha512-tHDZ8ttFCsXtQLgWHDDVVTGuiCGWqkxRoIGLygBbU0DUsod2Ho89fws7OeCHpGOeDL9s5rBVpEqj45BsEIKy+Q=="
    },
    "node_modules/sprintf-js": {
      "version": "1.0.3",
      "resolved": "https://registry.npmjs.org/sprintf-js/-/sprintf-js-1.0.3.tgz",
      "integrity": "sha512-D9cPgkvLlV3t3IzL0D0YLvGA9Ahk4PcvVwUbN0dSGr1aP0Nrt4AEnTUbuGvquEC0mA64Gqt1fzirlRs5ibXx8g=="
    },
    "node_modules/tslib": {
      "version": "2.7.0",
      "resolved": "https://registry.npmjs.org/tslib/-/tslib-2.7.0.tgz",
      "integrity": "sha512-gLXCKdN1/j47AiHiOkJN69hJmcbGTHI0ImLmbYLHykhgeN0jVGola9yVjFgzCUklsZQMW55o+dW7IXv3RCXDzA=="
    },
    "node_modules/typescript": {
      "version": "5.3.3",
      "resolved": "https://registry.npmjs.org/typescript/-/typescript-5.3.3.tgz",
      "integrity": "sha512-pXWcraxM0uxAS+tN0AG/BF2TyqmHO014Z070UsJ+pFvYuRSq8KH8DmWpnbXe0pEPDHXZV3FcAbJkijJ5oNEnWw==",
      "dev": true,
      "bin": {
        "tsc": "bin/tsc",
        "tsserver": "bin/tsserver"
      },
      "engines": {
        "node": ">=14.17"
      }
    }
  }
}
